// !$*UTF8*$!
{
	archiveVersion = 1;
	classes = {
	};
	objectVersion = 54;
	objects = {

/* Begin PBXBuildFile section */
		0217160567F7A293E7BD5198 /* DynamicTimerView.swift in Sources */ = {isa = PBXBuildFile; fileRef = 6766C49A487AF8CE5479777C /* DynamicTimerView.swift */; };
		02DD71E3ABB6E0254E1FF422 /* SessionRow.swift in Sources */ = {isa = PBXBuildFile; fileRef = EE803AD4359933441D85A91B /* SessionRow.swift */; };
		04C0292A4DE4440981E5A020 /* StatusBadges.swift in Sources */ = {isa = PBXBuildFile; fileRef = D66C4D87F4B12B6EE565AB54 /* StatusBadges.swift */; };
		0D710217A54EB3A4A7B48D0C /* GoalsView.swift in Sources */ = {isa = PBXBuildFile; fileRef = 2BA7442296D0A68DBBC5EF3E /* GoalsView.swift */; };
		2116291231A8DCCB82396328 /* CurrentSessionCard.swift in Sources */ = {isa = PBXBuildFile; fileRef = 384A08215817D3224D9D7710 /* CurrentSessionCard.swift */; };
		2274EEE3237722A4E1793725 /* LoadingComponents.swift in Sources */ = {isa = PBXBuildFile; fileRef = E19329FE361A22443FBAFA3B /* LoadingComponents.swift */; };
		26E2B6D1E072E06BDF226E43 /* GoalDetailView.swift in Sources */ = {isa = PBXBuildFile; fileRef = F3B2E519B5F8379F3C3A2641 /* GoalDetailView.swift */; };
		30236F377932407866231E66 /* StorageHelpers.swift in Sources */ = {isa = PBXBuildFile; fileRef = A62300F5F10983260853ABA4 /* StorageHelpers.swift */; };
		358D9BCEEAFEE04C21F1298E /* DateFormatting.swift in Sources */ = {isa = PBXBuildFile; fileRef = 781DFE52625D3CB4B3C3B088 /* DateFormatting.swift */; };
		3BBA956E3D871E3062DFC278 /* LocalStore.swift in Sources */ = {isa = PBXBuildFile; fileRef = 6818C0BF44642435DFFFC62D /* LocalStore.swift */; };
		3F088AF31FE51789897B9819 /* FormValidation.swift in Sources */ = {isa = PBXBuildFile; fileRef = 6FA4A1AAB0F5947440D97D46 /* FormValidation.swift */; };
		45719CDF5BEF16AD0DAF7C24 /* ContentView.swift in Sources */ = {isa = PBXBuildFile; fileRef = 9328BFDB66D17FBB17FC9F37 /* ContentView.swift */; };
		4CDE16FED5F46C7D7CD8DAF6 /* GoalSelectionView.swift in Sources */ = {isa = PBXBuildFile; fileRef = 87077BD26467DC5040FC30B2 /* GoalSelectionView.swift */; };
		506E7BFAC203B2880BC52340 /* StatsOverviewView.swift in Sources */ = {isa = PBXBuildFile; fileRef = 2E86C3680C4DF5790AC3C5CB /* StatsOverviewView.swift */; };
		5AFC428D7420C733A3730B13 /* Core.swift in Sources */ = {isa = PBXBuildFile; fileRef = 37DE83EAF1848D293FB80A86 /* Core.swift */; };
		5CAB9C9011EFDD42BD84CC0C /* ActiveSessionDetailView.swift in Sources */ = {isa = PBXBuildFile; fileRef = 851D3D3DE1FADF080C759366 /* ActiveSessionDetailView.swift */; };
		5FD1C06B6DDA861ACCE2ABF0 /* Cards.swift in Sources */ = {isa = PBXBuildFile; fileRef = CFF3B980A0FC3D14B2240556 /* Cards.swift */; };
		6A9321977A4034AA701D900A /* RecentActivityView.swift in Sources */ = {isa = PBXBuildFile; fileRef = 5B4DADB69EC6941EAB3DEC5A /* RecentActivityView.swift */; };
		6AEEFFCF01301620874F810A /* Headers.swift in Sources */ = {isa = PBXBuildFile; fileRef = 105BF8D38DDEE5EC708706BD /* Headers.swift */; };
		7205CC85E53A67032936A134 /* Theme.swift in Sources */ = {isa = PBXBuildFile; fileRef = 710C699B877B78201463057D /* Theme.swift */; };
		743ED0180C8C022DFBB08CC8 /* StudyFormView.swift in Sources */ = {isa = PBXBuildFile; fileRef = 59E0F0ACB194041EC69CAC76 /* StudyFormView.swift */; };
		79C279E99EB90C093102BBC4 /* SessionsView.swift in Sources */ = {isa = PBXBuildFile; fileRef = 29EC2D9C6F7610FC5163203F /* SessionsView.swift */; };
		84D22AB50BF3B1E43C1D9EB8 /* GeneratedConfig.swift in Sources */ = {isa = PBXBuildFile; fileRef = 1CFA58E06251616F97484A9F /* GeneratedConfig.swift */; };
		855073C8EAA671B78FB54FC5 /* SessionReflectionForm.swift in Sources */ = {isa = PBXBuildFile; fileRef = 7FC72F585DA31DB6659D97DD /* SessionReflectionForm.swift */; };
		8AE5DA6CECC886C8E65A884F /* SharedTypes in Frameworks */ = {isa = PBXBuildFile; productRef = 917447E964A6FFF42F7753F9 /* SharedTypes */; };
		8F6E93A69BAB6627B04645C8 /* StudiesView.swift in Sources */ = {isa = PBXBuildFile; fileRef = 700A4C8196D6EEAFFD6FCD62 /* StudiesView.swift */; };
		98573BA852F032B28F16793C /* GoalCard.swift in Sources */ = {isa = PBXBuildFile; fileRef = 2190D34128468DBE5A89C7AC /* GoalCard.swift */; };
		99D7B6F2EF6AE8D9520662D0 /* SessionStateHelpers.swift in Sources */ = {isa = PBXBuildFile; fileRef = 3EF4432EF88A1AF4061BB60B /* SessionStateHelpers.swift */; };
		9CBDD1C33A5EF3F35D479D6F /* Config.plist.template in Resources */ = {isa = PBXBuildFile; fileRef = A242062F443A30DF2B6B1F7F /* Config.plist.template */; };
		A1BCF23E2A62E5575857711A /* Buttons.swift in Sources */ = {isa = PBXBuildFile; fileRef = CD681FD892E19B14BA3AD393 /* Buttons.swift */; };
		A96A026E541BE52A908D0655 /* SessionFormView.swift in Sources */ = {isa = PBXBuildFile; fileRef = FEA0F188B7609AFB62901A39 /* SessionFormView.swift */; };
		AAD0947805B399129AB135A3 /* CloudKitSync.swift in Sources */ = {isa = PBXBuildFile; fileRef = 09D7E09ADCBFF1B9DE4D26EF /* CloudKitSync.swift */; };
		AD7E1691CA6739A1563BEB51 /* SessionViewModel.swift in Sources */ = {isa = PBXBuildFile; fileRef = 9B529305FA585F2B1946A7D4 /* SessionViewModel.swift */; };
		B2814976714CE820F5F9EC1F /* GoalFormView.swift in Sources */ = {isa = PBXBuildFile; fileRef = 48256D87906EEF75E9C554ED /* GoalFormView.swift */; };
		B4B05CD40D3801CDA899AE57 /* Config.plist in Resources */ = {isa = PBXBuildFile; fileRef = C081D32E2A1D35238AB82A66 /* Config.plist */; };
		B5FE9AC752AF993995C2D9BE /* IntradaApp.swift in Sources */ = {isa = PBXBuildFile; fileRef = B641E05940876471FDDA526A /* IntradaApp.swift */; };
		C1DBA12CE3FFF138DEDF37FB /* HomeView.swift in Sources */ = {isa = PBXBuildFile; fileRef = B69C2E16DFFBF9B10127ACFE /* HomeView.swift */; };
		C49732FD857A5CF8B6F43254 /* ProfileView.swift in Sources */ = {isa = PBXBuildFile; fileRef = D5D9E91E55F46A25BB3A01EA /* ProfileView.swift */; };
		D4DBB37C85073637B0CC63A5 /* QuickActionsView.swift in Sources */ = {isa = PBXBuildFile; fileRef = 8E93012B73DF101882267649 /* QuickActionsView.swift */; };
		D6F670AA05794CDC23F1A355 /* StudyDetailView.swift in Sources */ = {isa = PBXBuildFile; fileRef = 21DEA1B6A00BFE15D8115A54 /* StudyDetailView.swift */; };
		E29152C61DA9646FD2887A85 /* GoalBuilder.swift in Sources */ = {isa = PBXBuildFile; fileRef = 2967DA7484323AAE1F1053DC /* GoalBuilder.swift */; };
		E37310B8C625BA426032BF32 /* SessionDetailView.swift in Sources */ = {isa = PBXBuildFile; fileRef = 91F7102657D9CCA52185FAE4 /* SessionDetailView.swift */; };
		E484F894C010B4A4D0139EEC /* http.swift in Sources */ = {isa = PBXBuildFile; fileRef = 37766E12B82AC5F7FD1399CD /* http.swift */; };
		E70CD6E25E2CB13CFD1F7AEB /* ConfigurationManager.swift in Sources */ = {isa = PBXBuildFile; fileRef = F9E1E8ADF42AE97FB7C89E90 /* ConfigurationManager.swift */; };
		EE761F2630DB434D797EFFA3 /* SessionDetailComponents.swift in Sources */ = {isa = PBXBuildFile; fileRef = A5805E099FE638601740CC08 /* SessionDetailComponents.swift */; };
		EF84331F697B9895C5F57B3E /* QuickStartSessionView.swift in Sources */ = {isa = PBXBuildFile; fileRef = 6F948AD00B6DCF600D01953E /* QuickStartSessionView.swift */; };
		F5E87B5B23FF53E9F7471A8E /* Shared in Frameworks */ = {isa = PBXBuildFile; productRef = 9AF3999A1F62BECE7AD4D98A /* Shared */; };
/* End PBXBuildFile section */

/* Begin PBXFileReference section */
		085DE01748EDA39FB010C0A8 /* SharedTypes */ = {isa = PBXFileReference; lastKnownFileType = folder; name = SharedTypes; path = ../shared_types/generated/swift/SharedTypes; sourceTree = SOURCE_ROOT; };
		09D7E09ADCBFF1B9DE4D26EF /* CloudKitSync.swift */ = {isa = PBXFileReference; lastKnownFileType = sourcecode.swift; path = CloudKitSync.swift; sourceTree = "<group>"; };
		105BF8D38DDEE5EC708706BD /* Headers.swift */ = {isa = PBXFileReference; lastKnownFileType = sourcecode.swift; path = Headers.swift; sourceTree = "<group>"; };
		13E8B6BF7B3E02B04268499D /* Intrada.app */ = {isa = PBXFileReference; includeInIndex = 0; lastKnownFileType = wrapper.application; path = Intrada.app; sourceTree = BUILT_PRODUCTS_DIR; };
		1CFA58E06251616F97484A9F /* GeneratedConfig.swift */ = {isa = PBXFileReference; lastKnownFileType = sourcecode.swift; path = GeneratedConfig.swift; sourceTree = "<group>"; };
		2190D34128468DBE5A89C7AC /* GoalCard.swift */ = {isa = PBXFileReference; lastKnownFileType = sourcecode.swift; path = GoalCard.swift; sourceTree = "<group>"; };
		21DEA1B6A00BFE15D8115A54 /* StudyDetailView.swift */ = {isa = PBXFileReference; lastKnownFileType = sourcecode.swift; path = StudyDetailView.swift; sourceTree = "<group>"; };
		2967DA7484323AAE1F1053DC /* GoalBuilder.swift */ = {isa = PBXFileReference; lastKnownFileType = sourcecode.swift; path = GoalBuilder.swift; sourceTree = "<group>"; };
		29EC2D9C6F7610FC5163203F /* SessionsView.swift */ = {isa = PBXFileReference; lastKnownFileType = sourcecode.swift; path = SessionsView.swift; sourceTree = "<group>"; };
		2BA7442296D0A68DBBC5EF3E /* GoalsView.swift */ = {isa = PBXFileReference; lastKnownFileType = sourcecode.swift; path = GoalsView.swift; sourceTree = "<group>"; };
		2E86C3680C4DF5790AC3C5CB /* StatsOverviewView.swift */ = {isa = PBXFileReference; lastKnownFileType = sourcecode.swift; path = StatsOverviewView.swift; sourceTree = "<group>"; };
		37766E12B82AC5F7FD1399CD /* http.swift */ = {isa = PBXFileReference; lastKnownFileType = sourcecode.swift; path = http.swift; sourceTree = "<group>"; };
		37DE83EAF1848D293FB80A86 /* Core.swift */ = {isa = PBXFileReference; lastKnownFileType = sourcecode.swift; path = Core.swift; sourceTree = "<group>"; };
		384A08215817D3224D9D7710 /* CurrentSessionCard.swift */ = {isa = PBXFileReference; lastKnownFileType = sourcecode.swift; path = CurrentSessionCard.swift; sourceTree = "<group>"; };
		3EF4432EF88A1AF4061BB60B /* SessionStateHelpers.swift */ = {isa = PBXFileReference; lastKnownFileType = sourcecode.swift; path = SessionStateHelpers.swift; sourceTree = "<group>"; };
		48256D87906EEF75E9C554ED /* GoalFormView.swift */ = {isa = PBXFileReference; lastKnownFileType = sourcecode.swift; path = GoalFormView.swift; sourceTree = "<group>"; };
		59E0F0ACB194041EC69CAC76 /* StudyFormView.swift */ = {isa = PBXFileReference; lastKnownFileType = sourcecode.swift; path = StudyFormView.swift; sourceTree = "<group>"; };
		5B4DADB69EC6941EAB3DEC5A /* RecentActivityView.swift */ = {isa = PBXFileReference; lastKnownFileType = sourcecode.swift; path = RecentActivityView.swift; sourceTree = "<group>"; };
		6766C49A487AF8CE5479777C /* DynamicTimerView.swift */ = {isa = PBXFileReference; lastKnownFileType = sourcecode.swift; path = DynamicTimerView.swift; sourceTree = "<group>"; };
		6818C0BF44642435DFFFC62D /* LocalStore.swift */ = {isa = PBXFileReference; lastKnownFileType = sourcecode.swift; path = LocalStore.swift; sourceTree = "<group>"; };
		6F948AD00B6DCF600D01953E /* QuickStartSessionView.swift */ = {isa = PBXFileReference; lastKnownFileType = sourcecode.swift; path = QuickStartSessionView.swift; sourceTree = "<group>"; };
		6FA4A1AAB0F5947440D97D46 /* FormValidation.swift */ = {isa = PBXFileReference; lastKnownFileType = sourcecode.swift; path = FormValidation.swift; sourceTree = "<group>"; };
		700A4C8196D6EEAFFD6FCD62 /* StudiesView.swift */ = {isa = PBXFileReference; lastKnownFileType = sourcecode.swift; path = StudiesView.swift; sourceTree = "<group>"; };
		710C699B877B78201463057D /* Theme.swift */ = {isa = PBXFileReference; lastKnownFileType = sourcecode.swift; path = Theme.swift; sourceTree = "<group>"; };
		781DFE52625D3CB4B3C3B088 /* DateFormatting.swift */ = {isa = PBXFileReference; lastKnownFileType = sourcecode.swift; path = DateFormatting.swift; sourceTree = "<group>"; };
		7FC72F585DA31DB6659D97DD /* SessionReflectionForm.swift */ = {isa = PBXFileReference; lastKnownFileType = sourcecode.swift; path = SessionReflectionForm.swift; sourceTree = "<group>"; };
		851D3D3DE1FADF080C759366 /* ActiveSessionDetailView.swift */ = {isa = PBXFileReference; lastKnownFileType = sourcecode.swift; path = ActiveSessionDetailView.swift; sourceTree = "<group>"; };
		87077BD26467DC5040FC30B2 /* GoalSelectionView.swift */ = {isa = PBXFileReference; lastKnownFileType = sourcecode.swift; path = GoalSelectionView.swift; sourceTree = "<group>"; };
		8E93012B73DF101882267649 /* QuickActionsView.swift */ = {isa = PBXFileReference; lastKnownFileType = sourcecode.swift; path = QuickActionsView.swift; sourceTree = "<group>"; };
		91F7102657D9CCA52185FAE4 /* SessionDetailView.swift */ = {isa = PBXFileReference; lastKnownFileType = sourcecode.swift; path = SessionDetailView.swift; sourceTree = "<group>"; };
		9328BFDB66D17FBB17FC9F37 /* ContentView.swift */ = {isa = PBXFileReference; lastKnownFileType = sourcecode.swift; path = ContentView.swift; sourceTree = "<group>"; };
		9B529305FA585F2B1946A7D4 /* SessionViewModel.swift */ = {isa = PBXFileReference; lastKnownFileType = sourcecode.swift; path = SessionViewModel.swift; sourceTree = "<group>"; };
		A242062F443A30DF2B6B1F7F /* Config.plist.template */ = {isa = PBXFileReference; path = Config.plist.template; sourceTree = "<group>"; };
		A5805E099FE638601740CC08 /* SessionDetailComponents.swift */ = {isa = PBXFileReference; lastKnownFileType = sourcecode.swift; path = SessionDetailComponents.swift; sourceTree = "<group>"; };
		A62300F5F10983260853ABA4 /* StorageHelpers.swift */ = {isa = PBXFileReference; lastKnownFileType = sourcecode.swift; path = StorageHelpers.swift; sourceTree = "<group>"; };
		B641E05940876471FDDA526A /* IntradaApp.swift */ = {isa = PBXFileReference; lastKnownFileType = sourcecode.swift; path = IntradaApp.swift; sourceTree = "<group>"; };
		B69C2E16DFFBF9B10127ACFE /* HomeView.swift */ = {isa = PBXFileReference; lastKnownFileType = sourcecode.swift; path = HomeView.swift; sourceTree = "<group>"; };
		C081D32E2A1D35238AB82A66 /* Config.plist */ = {isa = PBXFileReference; lastKnownFileType = text.plist; path = Config.plist; sourceTree = "<group>"; };
		CD681FD892E19B14BA3AD393 /* Buttons.swift */ = {isa = PBXFileReference; lastKnownFileType = sourcecode.swift; path = Buttons.swift; sourceTree = "<group>"; };
		CFF3B980A0FC3D14B2240556 /* Cards.swift */ = {isa = PBXFileReference; lastKnownFileType = sourcecode.swift; path = Cards.swift; sourceTree = "<group>"; };
		D5D9E91E55F46A25BB3A01EA /* ProfileView.swift */ = {isa = PBXFileReference; lastKnownFileType = sourcecode.swift; path = ProfileView.swift; sourceTree = "<group>"; };
		D66C4D87F4B12B6EE565AB54 /* StatusBadges.swift */ = {isa = PBXFileReference; lastKnownFileType = sourcecode.swift; path = StatusBadges.swift; sourceTree = "<group>"; };
		E19329FE361A22443FBAFA3B /* LoadingComponents.swift */ = {isa = PBXFileReference; lastKnownFileType = sourcecode.swift; path = LoadingComponents.swift; sourceTree = "<group>"; };
		EE803AD4359933441D85A91B /* SessionRow.swift */ = {isa = PBXFileReference; lastKnownFileType = sourcecode.swift; path = SessionRow.swift; sourceTree = "<group>"; };
		EFD4E4A887C5186F83E986D3 /* Shared */ = {isa = PBXFileReference; lastKnownFileType = folder; name = Shared; path = ../shared/Shared; sourceTree = SOURCE_ROOT; };
		F3B2E519B5F8379F3C3A2641 /* GoalDetailView.swift */ = {isa = PBXFileReference; lastKnownFileType = sourcecode.swift; path = GoalDetailView.swift; sourceTree = "<group>"; };
		F9E1E8ADF42AE97FB7C89E90 /* ConfigurationManager.swift */ = {isa = PBXFileReference; lastKnownFileType = sourcecode.swift; path = ConfigurationManager.swift; sourceTree = "<group>"; };
		FEA0F188B7609AFB62901A39 /* SessionFormView.swift */ = {isa = PBXFileReference; lastKnownFileType = sourcecode.swift; path = SessionFormView.swift; sourceTree = "<group>"; };
/* End PBXFileReference section */

/* Begin PBXFrameworksBuildPhase section */
		21F1DE0070182524F6555F13 /* Frameworks */ = {
			isa = PBXFrameworksBuildPhase;
			buildActionMask = 2147483647;
			files = (
				F5E87B5B23FF53E9F7471A8E /* Shared in Frameworks */,
				8AE5DA6CECC886C8E65A884F /* SharedTypes in Frameworks */,
			);
			runOnlyForDeploymentPostprocessing = 0;
		};
/* End PBXFrameworksBuildPhase section */

/* Begin PBXGroup section */
		019027DBBD7AC8CDB8FBBAF7 /* Views */ = {
			isa = PBXGroup;
			children = (
				F3B2E519B5F8379F3C3A2641 /* GoalDetailView.swift */,
				48256D87906EEF75E9C554ED /* GoalFormView.swift */,
				2BA7442296D0A68DBBC5EF3E /* GoalsView.swift */,
			);
			path = Views;
			sourceTree = "<group>";
		};
		05A2FC557EA90F4856D536E1 /* Packages */ = {
			isa = PBXGroup;
			children = (
				EFD4E4A887C5186F83E986D3 /* Shared */,
				085DE01748EDA39FB010C0A8 /* SharedTypes */,
			);
			name = Packages;
			sourceTree = "<group>";
		};
		092A3C3DF1CE8AABA5A3AE76 /* Core */ = {
			isa = PBXGroup;
			children = (
				09D7E09ADCBFF1B9DE4D26EF /* CloudKitSync.swift */,
				37DE83EAF1848D293FB80A86 /* Core.swift */,
				6818C0BF44642435DFFFC62D /* LocalStore.swift */,
				3EF4432EF88A1AF4061BB60B /* SessionStateHelpers.swift */,
				A62300F5F10983260853ABA4 /* StorageHelpers.swift */,
				1F45B47A6B82A5608E3BF1DA /* Configuration */,
			);
			name = Core;
			path = Intrada/Core;
			sourceTree = "<group>";
		};
		1F45B47A6B82A5608E3BF1DA /* Configuration */ = {
			isa = PBXGroup;
			children = (
				C081D32E2A1D35238AB82A66 /* Config.plist */,
				F9E1E8ADF42AE97FB7C89E90 /* ConfigurationManager.swift */,
				1CFA58E06251616F97484A9F /* GeneratedConfig.swift */,
			);
			path = Configuration;
			sourceTree = "<group>";
		};
		1F842BB076C37A8A83156FD0 /* Profile */ = {
			isa = PBXGroup;
			children = (
				D5D9E91E55F46A25BB3A01EA /* ProfileView.swift */,
			);
			name = Profile;
			path = Intrada/Profile;
			sourceTree = "<group>";
		};
		217500BFD1DAA37611362E75 /* Shared */ = {
			isa = PBXGroup;
			children = (
				B91D72169761ABCB1BAA33E4 /* Components */,
				6A01CA7A3C242D9498EF722A /* Extensions */,
				BF314334C5F1C5B4B06DF6E6 /* Services */,
			);
			name = Shared;
			path = Intrada/Shared;
			sourceTree = "<group>";
		};
		26BF81CF3C1BEDD99FF5D646 /* Components */ = {
			isa = PBXGroup;
			children = (
				2190D34128468DBE5A89C7AC /* GoalCard.swift */,
			);
			path = Components;
			sourceTree = "<group>";
		};
		363553C9C72B939F08A1100A /* Goals */ = {
			isa = PBXGroup;
			children = (
				26BF81CF3C1BEDD99FF5D646 /* Components */,
				613EB127EFD081616C231B14 /* Services */,
				019027DBBD7AC8CDB8FBBAF7 /* Views */,
			);
			path = Goals;
			sourceTree = "<group>";
		};
		41CBF0F3983AB15A3555F272 /* Views */ = {
			isa = PBXGroup;
			children = (
				851D3D3DE1FADF080C759366 /* ActiveSessionDetailView.swift */,
				6F948AD00B6DCF600D01953E /* QuickStartSessionView.swift */,
				91F7102657D9CCA52185FAE4 /* SessionDetailView.swift */,
				FEA0F188B7609AFB62901A39 /* SessionFormView.swift */,
				7FC72F585DA31DB6659D97DD /* SessionReflectionForm.swift */,
				29EC2D9C6F7610FC5163203F /* SessionsView.swift */,
			);
			path = Views;
			sourceTree = "<group>";
		};
		5E028A829E27BA82CD88DE42 /* Studies */ = {
			isa = PBXGroup;
			children = (
				6E157C401D10F194CCF0BB23 /* Views */,
			);
			path = Studies;
			sourceTree = "<group>";
		};
		613EB127EFD081616C231B14 /* Services */ = {
			isa = PBXGroup;
			children = (
				2967DA7484323AAE1F1053DC /* GoalBuilder.swift */,
			);
			path = Services;
			sourceTree = "<group>";
		};
		6A01CA7A3C242D9498EF722A /* Extensions */ = {
			isa = PBXGroup;
			children = (
				781DFE52625D3CB4B3C3B088 /* DateFormatting.swift */,
			);
			path = Extensions;
			sourceTree = "<group>";
		};
		6E157C401D10F194CCF0BB23 /* Views */ = {
			isa = PBXGroup;
			children = (
				700A4C8196D6EEAFFD6FCD62 /* StudiesView.swift */,
				21DEA1B6A00BFE15D8115A54 /* StudyDetailView.swift */,
				59E0F0ACB194041EC69CAC76 /* StudyFormView.swift */,
			);
			path = Views;
			sourceTree = "<group>";
		};
		706D776381634B05A2DD6E90 /* Sessions */ = {
			isa = PBXGroup;
			children = (
				DD1DC1EE17E4FAF758888173 /* Components */,
				F7BE456AF8A5639D2A2F8008 /* ViewModels */,
				41CBF0F3983AB15A3555F272 /* Views */,
			);
			path = Sessions;
			sourceTree = "<group>";
		};
		7AB6A2DDEC2267BE1D77892C /* Components */ = {
			isa = PBXGroup;
			children = (
				384A08215817D3224D9D7710 /* CurrentSessionCard.swift */,
				8E93012B73DF101882267649 /* QuickActionsView.swift */,
				5B4DADB69EC6941EAB3DEC5A /* RecentActivityView.swift */,
				2E86C3680C4DF5790AC3C5CB /* StatsOverviewView.swift */,
			);
			path = Components;
			sourceTree = "<group>";
		};
		7DAD2945262C5D92955A3D06 /* Loading */ = {
			isa = PBXGroup;
			children = (
				E19329FE361A22443FBAFA3B /* LoadingComponents.swift */,
			);
			path = Loading;
			sourceTree = "<group>";
		};
		88C6F4921F304AB0716F497E /* Forms */ = {
			isa = PBXGroup;
			children = (
				6FA4A1AAB0F5947440D97D46 /* FormValidation.swift */,
			);
			path = Forms;
			sourceTree = "<group>";
		};
		945BC5C2DFF502B4D21E2E21 = {
			isa = PBXGroup;
			children = (
				C0C2F6EF7AB8B1D9DB205201 /* App */,
				092A3C3DF1CE8AABA5A3AE76 /* Core */,
				B5EF474A2EDDD8209926F3F9 /* Features */,
				EBD5321FFD2231E569F49476 /* Intrada */,
				05A2FC557EA90F4856D536E1 /* Packages */,
				1F842BB076C37A8A83156FD0 /* Profile */,
				217500BFD1DAA37611362E75 /* Shared */,
				E8AB3586A088A232568A1B05 /* Products */,
			);
			sourceTree = "<group>";
		};
		99DE7D2BDE438956D53025CA /* Views */ = {
			isa = PBXGroup;
			children = (
				B69C2E16DFFBF9B10127ACFE /* HomeView.swift */,
			);
			path = Views;
			sourceTree = "<group>";
		};
		A1DFC37D09F50FA57F997047 /* Dashboard */ = {
			isa = PBXGroup;
			children = (
				7AB6A2DDEC2267BE1D77892C /* Components */,
				99DE7D2BDE438956D53025CA /* Views */,
			);
			path = Dashboard;
			sourceTree = "<group>";
		};
		B5EF474A2EDDD8209926F3F9 /* Features */ = {
			isa = PBXGroup;
			children = (
				A1DFC37D09F50FA57F997047 /* Dashboard */,
				363553C9C72B939F08A1100A /* Goals */,
				706D776381634B05A2DD6E90 /* Sessions */,
				5E028A829E27BA82CD88DE42 /* Studies */,
			);
			name = Features;
			path = Intrada/Features;
			sourceTree = "<group>";
		};
		B91D72169761ABCB1BAA33E4 /* Components */ = {
			isa = PBXGroup;
			children = (
				88C6F4921F304AB0716F497E /* Forms */,
				7DAD2945262C5D92955A3D06 /* Loading */,
				E30892511B9EE24CEA7535C0 /* UI */,
			);
			path = Components;
			sourceTree = "<group>";
		};
		BF314334C5F1C5B4B06DF6E6 /* Services */ = {
			isa = PBXGroup;
			children = (
				37766E12B82AC5F7FD1399CD /* http.swift */,
			);
			path = Services;
			sourceTree = "<group>";
		};
		C0C2F6EF7AB8B1D9DB205201 /* App */ = {
			isa = PBXGroup;
			children = (
				9328BFDB66D17FBB17FC9F37 /* ContentView.swift */,
				B641E05940876471FDDA526A /* IntradaApp.swift */,
				710C699B877B78201463057D /* Theme.swift */,
			);
			name = App;
			path = Intrada/App;
			sourceTree = "<group>";
		};
		DD1DC1EE17E4FAF758888173 /* Components */ = {
			isa = PBXGroup;
			children = (
				6766C49A487AF8CE5479777C /* DynamicTimerView.swift */,
				87077BD26467DC5040FC30B2 /* GoalSelectionView.swift */,
				A5805E099FE638601740CC08 /* SessionDetailComponents.swift */,
				EE803AD4359933441D85A91B /* SessionRow.swift */,
			);
			path = Components;
			sourceTree = "<group>";
		};
		E30892511B9EE24CEA7535C0 /* UI */ = {
			isa = PBXGroup;
			children = (
				CD681FD892E19B14BA3AD393 /* Buttons.swift */,
				CFF3B980A0FC3D14B2240556 /* Cards.swift */,
				105BF8D38DDEE5EC708706BD /* Headers.swift */,
				D66C4D87F4B12B6EE565AB54 /* StatusBadges.swift */,
			);
			path = UI;
			sourceTree = "<group>";
		};
		E8AB3586A088A232568A1B05 /* Products */ = {
			isa = PBXGroup;
			children = (
				13E8B6BF7B3E02B04268499D /* Intrada.app */,
			);
			name = Products;
			sourceTree = "<group>";
		};
		EBD5321FFD2231E569F49476 /* Intrada */ = {
			isa = PBXGroup;
			children = (
				A242062F443A30DF2B6B1F7F /* Config.plist.template */,
			);
			path = Intrada;
			sourceTree = "<group>";
		};
		F7BE456AF8A5639D2A2F8008 /* ViewModels */ = {
			isa = PBXGroup;
			children = (
				9B529305FA585F2B1946A7D4 /* SessionViewModel.swift */,
			);
			path = ViewModels;
			sourceTree = "<group>";
		};
/* End PBXGroup section */

/* Begin PBXNativeTarget section */
		410BF37C06E6CFC5482CC0CB /* Intrada */ = {
			isa = PBXNativeTarget;
			buildConfigurationList = C083CB817CC0F52FEFCA0643 /* Build configuration list for PBXNativeTarget "Intrada" */;
			buildPhases = (
				C7223FEBD18AC4FD2D44CAEB /* Sources */,
				E2EDAAA68F0BD1B296A0FD20 /* Resources */,
				21F1DE0070182524F6555F13 /* Frameworks */,
			);
			buildRules = (
			);
			dependencies = (
			);
			name = Intrada;
			packageProductDependencies = (
				9AF3999A1F62BECE7AD4D98A /* Shared */,
				917447E964A6FFF42F7753F9 /* SharedTypes */,
			);
			productName = Intrada;
			productReference = 13E8B6BF7B3E02B04268499D /* Intrada.app */;
			productType = "com.apple.product-type.application";
		};
/* End PBXNativeTarget section */

/* Begin PBXProject section */
		69131CA77FD29D33C9EED9F1 /* Project object */ = {
			isa = PBXProject;
			attributes = {
				BuildIndependentTargetsInParallel = YES;
				LastUpgradeCheck = 1430;
				TargetAttributes = {
					410BF37C06E6CFC5482CC0CB = {
						ProvisioningStyle = Automatic;
					};
				};
			};
			buildConfigurationList = 34F172DC0048392454F1AD35 /* Build configuration list for PBXProject "Intrada" */;
			compatibilityVersion = "Xcode 14.0";
			developmentRegion = en;
			hasScannedForEncodings = 0;
			knownRegions = (
				Base,
				en,
			);
			mainGroup = 945BC5C2DFF502B4D21E2E21;
			minimizedProjectReferenceProxies = 1;
			packageReferences = (
				4AEAE67A9ED6F0D48F6F61B2 /* XCLocalSwiftPackageReference "../shared/Shared" */,
				37F1BCD307168686DD456EF8 /* XCLocalSwiftPackageReference "../shared_types/generated/swift/SharedTypes" */,
			);
			preferredProjectObjectVersion = 54;
			projectDirPath = "";
			projectRoot = "";
			targets = (
				410BF37C06E6CFC5482CC0CB /* Intrada */,
			);
		};
/* End PBXProject section */

/* Begin PBXResourcesBuildPhase section */
		E2EDAAA68F0BD1B296A0FD20 /* Resources */ = {
			isa = PBXResourcesBuildPhase;
			buildActionMask = 2147483647;
			files = (
				B4B05CD40D3801CDA899AE57 /* Config.plist in Resources */,
				9CBDD1C33A5EF3F35D479D6F /* Config.plist.template in Resources */,
			);
			runOnlyForDeploymentPostprocessing = 0;
		};
/* End PBXResourcesBuildPhase section */

/* Begin PBXSourcesBuildPhase section */
		C7223FEBD18AC4FD2D44CAEB /* Sources */ = {
			isa = PBXSourcesBuildPhase;
			buildActionMask = 2147483647;
			files = (
				5CAB9C9011EFDD42BD84CC0C /* ActiveSessionDetailView.swift in Sources */,
				A1BCF23E2A62E5575857711A /* Buttons.swift in Sources */,
				5FD1C06B6DDA861ACCE2ABF0 /* Cards.swift in Sources */,
				AAD0947805B399129AB135A3 /* CloudKitSync.swift in Sources */,
				E70CD6E25E2CB13CFD1F7AEB /* ConfigurationManager.swift in Sources */,
				45719CDF5BEF16AD0DAF7C24 /* ContentView.swift in Sources */,
				5AFC428D7420C733A3730B13 /* Core.swift in Sources */,
				2116291231A8DCCB82396328 /* CurrentSessionCard.swift in Sources */,
				358D9BCEEAFEE04C21F1298E /* DateFormatting.swift in Sources */,
				0217160567F7A293E7BD5198 /* DynamicTimerView.swift in Sources */,
				3F088AF31FE51789897B9819 /* FormValidation.swift in Sources */,
				84D22AB50BF3B1E43C1D9EB8 /* GeneratedConfig.swift in Sources */,
				E29152C61DA9646FD2887A85 /* GoalBuilder.swift in Sources */,
				98573BA852F032B28F16793C /* GoalCard.swift in Sources */,
				26E2B6D1E072E06BDF226E43 /* GoalDetailView.swift in Sources */,
				B2814976714CE820F5F9EC1F /* GoalFormView.swift in Sources */,
				4CDE16FED5F46C7D7CD8DAF6 /* GoalSelectionView.swift in Sources */,
				0D710217A54EB3A4A7B48D0C /* GoalsView.swift in Sources */,
				6AEEFFCF01301620874F810A /* Headers.swift in Sources */,
				C1DBA12CE3FFF138DEDF37FB /* HomeView.swift in Sources */,
				B5FE9AC752AF993995C2D9BE /* IntradaApp.swift in Sources */,
				2274EEE3237722A4E1793725 /* LoadingComponents.swift in Sources */,
				3BBA956E3D871E3062DFC278 /* LocalStore.swift in Sources */,
				C49732FD857A5CF8B6F43254 /* ProfileView.swift in Sources */,
				D4DBB37C85073637B0CC63A5 /* QuickActionsView.swift in Sources */,
				EF84331F697B9895C5F57B3E /* QuickStartSessionView.swift in Sources */,
				6A9321977A4034AA701D900A /* RecentActivityView.swift in Sources */,
				EE761F2630DB434D797EFFA3 /* SessionDetailComponents.swift in Sources */,
				E37310B8C625BA426032BF32 /* SessionDetailView.swift in Sources */,
				A96A026E541BE52A908D0655 /* SessionFormView.swift in Sources */,
				855073C8EAA671B78FB54FC5 /* SessionReflectionForm.swift in Sources */,
				02DD71E3ABB6E0254E1FF422 /* SessionRow.swift in Sources */,
				99D7B6F2EF6AE8D9520662D0 /* SessionStateHelpers.swift in Sources */,
				AD7E1691CA6739A1563BEB51 /* SessionViewModel.swift in Sources */,
				79C279E99EB90C093102BBC4 /* SessionsView.swift in Sources */,
				506E7BFAC203B2880BC52340 /* StatsOverviewView.swift in Sources */,
				04C0292A4DE4440981E5A020 /* StatusBadges.swift in Sources */,
				30236F377932407866231E66 /* StorageHelpers.swift in Sources */,
				8F6E93A69BAB6627B04645C8 /* StudiesView.swift in Sources */,
				D6F670AA05794CDC23F1A355 /* StudyDetailView.swift in Sources */,
				743ED0180C8C022DFBB08CC8 /* StudyFormView.swift in Sources */,
				7205CC85E53A67032936A134 /* Theme.swift in Sources */,
				E484F894C010B4A4D0139EEC /* http.swift in Sources */,
			);
			runOnlyForDeploymentPostprocessing = 0;
		};
/* End PBXSourcesBuildPhase section */

/* Begin XCBuildConfiguration section */
		1B9BC2349284B8F2F4A62AE0 /* Release */ = {
			isa = XCBuildConfiguration;
			buildSettings = {
				ALWAYS_SEARCH_USER_PATHS = NO;
				CLANG_ANALYZER_NONNULL = YES;
				CLANG_ANALYZER_NUMBER_OBJECT_CONVERSION = YES_AGGRESSIVE;
				CLANG_CXX_LANGUAGE_STANDARD = "gnu++14";
				CLANG_CXX_LIBRARY = "libc++";
				CLANG_ENABLE_MODULES = YES;
				CLANG_ENABLE_OBJC_ARC = YES;
				CLANG_ENABLE_OBJC_WEAK = YES;
				CLANG_WARN_BLOCK_CAPTURE_AUTORELEASING = YES;
				CLANG_WARN_BOOL_CONVERSION = YES;
				CLANG_WARN_COMMA = YES;
				CLANG_WARN_CONSTANT_CONVERSION = YES;
				CLANG_WARN_DEPRECATED_OBJC_IMPLEMENTATIONS = YES;
				CLANG_WARN_DIRECT_OBJC_ISA_USAGE = YES_ERROR;
				CLANG_WARN_DOCUMENTATION_COMMENTS = YES;
				CLANG_WARN_EMPTY_BODY = YES;
				CLANG_WARN_ENUM_CONVERSION = YES;
				CLANG_WARN_INFINITE_RECURSION = YES;
				CLANG_WARN_INT_CONVERSION = YES;
				CLANG_WARN_NON_LITERAL_NULL_CONVERSION = YES;
				CLANG_WARN_OBJC_IMPLICIT_RETAIN_SELF = YES;
				CLANG_WARN_OBJC_LITERAL_CONVERSION = YES;
				CLANG_WARN_OBJC_ROOT_CLASS = YES_ERROR;
				CLANG_WARN_QUOTED_INCLUDE_IN_FRAMEWORK_HEADER = YES;
				CLANG_WARN_RANGE_LOOP_ANALYSIS = YES;
				CLANG_WARN_STRICT_PROTOTYPES = YES;
				CLANG_WARN_SUSPICIOUS_MOVE = YES;
				CLANG_WARN_UNGUARDED_AVAILABILITY = YES_AGGRESSIVE;
				CLANG_WARN_UNREACHABLE_CODE = YES;
				CLANG_WARN__DUPLICATE_METHOD_MATCH = YES;
				COPY_PHASE_STRIP = NO;
				DEBUG_INFORMATION_FORMAT = "dwarf-with-dsym";
				ENABLE_NS_ASSERTIONS = NO;
				ENABLE_STRICT_OBJC_MSGSEND = YES;
				GCC_C_LANGUAGE_STANDARD = gnu11;
				GCC_NO_COMMON_BLOCKS = YES;
				GCC_WARN_64_TO_32_BIT_CONVERSION = YES;
				GCC_WARN_ABOUT_RETURN_TYPE = YES_ERROR;
				GCC_WARN_UNDECLARED_SELECTOR = YES;
				GCC_WARN_UNINITIALIZED_AUTOS = YES_AGGRESSIVE;
				GCC_WARN_UNUSED_FUNCTION = YES;
				GCC_WARN_UNUSED_VARIABLE = YES;
				MTL_ENABLE_DEBUG_INFO = NO;
				MTL_FAST_MATH = YES;
				PRODUCT_NAME = "$(TARGET_NAME)";
				SDKROOT = iphoneos;
				SWIFT_COMPILATION_MODE = wholemodule;
				SWIFT_OPTIMIZATION_LEVEL = "-O";
				SWIFT_VERSION = 5.0;
			};
			name = Release;
		};
		1BD0F34CD8E416B3FEE8ADD3 /* Debug */ = {
			isa = XCBuildConfiguration;
			buildSettings = {
				ASSETCATALOG_COMPILER_APPICON_NAME = AppIcon;
				"CODE_SIGNING_ALLOWED[sdk=iphonesimulator*]" = NO;
				"CODE_SIGNING_REQUIRED[sdk=iphonesimulator*]" = NO;
				CODE_SIGN_IDENTITY = "iPhone Developer";
				"CODE_SIGN_IDENTITY[sdk=iphonesimulator*]" = "";
				CODE_SIGN_STYLE = Automatic;
				INFOPLIST_FILE = Intrada/Resources/Info.plist;
				IPHONEOS_DEPLOYMENT_TARGET = 17.0;
				LD_RUNPATH_SEARCH_PATHS = (
					"$(inherited)",
					"@executable_path/Frameworks",
				);
				PRODUCT_BUNDLE_IDENTIFIER = com.jonyardley.Intrada;
				SDKROOT = iphoneos;
				TARGETED_DEVICE_FAMILY = "1,2";
			};
			name = Debug;
		};
		4D15547AA3AF219627AE992A /* Release */ = {
			isa = XCBuildConfiguration;
			buildSettings = {
				ASSETCATALOG_COMPILER_APPICON_NAME = AppIcon;
				"CODE_SIGNING_ALLOWED[sdk=iphonesimulator*]" = NO;
				"CODE_SIGNING_REQUIRED[sdk=iphonesimulator*]" = NO;
				CODE_SIGN_IDENTITY = "iPhone Developer";
				"CODE_SIGN_IDENTITY[sdk=iphonesimulator*]" = "";
				CODE_SIGN_STYLE = Automatic;
				INFOPLIST_FILE = Intrada/Resources/Info.plist;
				IPHONEOS_DEPLOYMENT_TARGET = 17.0;
				LD_RUNPATH_SEARCH_PATHS = (
					"$(inherited)",
					"@executable_path/Frameworks",
				);
				PRODUCT_BUNDLE_IDENTIFIER = com.jonyardley.Intrada;
				SDKROOT = iphoneos;
				TARGETED_DEVICE_FAMILY = "1,2";
			};
			name = Release;
		};
		601DA1F61C8CC2B771BDB7A5 /* Debug */ = {
			isa = XCBuildConfiguration;
			buildSettings = {
				ALWAYS_SEARCH_USER_PATHS = NO;
				CLANG_ANALYZER_NONNULL = YES;
				CLANG_ANALYZER_NUMBER_OBJECT_CONVERSION = YES_AGGRESSIVE;
				CLANG_CXX_LANGUAGE_STANDARD = "gnu++14";
				CLANG_CXX_LIBRARY = "libc++";
				CLANG_ENABLE_MODULES = YES;
				CLANG_ENABLE_OBJC_ARC = YES;
				CLANG_ENABLE_OBJC_WEAK = YES;
				CLANG_WARN_BLOCK_CAPTURE_AUTORELEASING = YES;
				CLANG_WARN_BOOL_CONVERSION = YES;
				CLANG_WARN_COMMA = YES;
				CLANG_WARN_CONSTANT_CONVERSION = YES;
				CLANG_WARN_DEPRECATED_OBJC_IMPLEMENTATIONS = YES;
				CLANG_WARN_DIRECT_OBJC_ISA_USAGE = YES_ERROR;
				CLANG_WARN_DOCUMENTATION_COMMENTS = YES;
				CLANG_WARN_EMPTY_BODY = YES;
				CLANG_WARN_ENUM_CONVERSION = YES;
				CLANG_WARN_INFINITE_RECURSION = YES;
				CLANG_WARN_INT_CONVERSION = YES;
				CLANG_WARN_NON_LITERAL_NULL_CONVERSION = YES;
				CLANG_WARN_OBJC_IMPLICIT_RETAIN_SELF = YES;
				CLANG_WARN_OBJC_LITERAL_CONVERSION = YES;
				CLANG_WARN_OBJC_ROOT_CLASS = YES_ERROR;
				CLANG_WARN_QUOTED_INCLUDE_IN_FRAMEWORK_HEADER = YES;
				CLANG_WARN_RANGE_LOOP_ANALYSIS = YES;
				CLANG_WARN_STRICT_PROTOTYPES = YES;
				CLANG_WARN_SUSPICIOUS_MOVE = YES;
				CLANG_WARN_UNGUARDED_AVAILABILITY = YES_AGGRESSIVE;
				CLANG_WARN_UNREACHABLE_CODE = YES;
				CLANG_WARN__DUPLICATE_METHOD_MATCH = YES;
				COPY_PHASE_STRIP = NO;
				DEBUG_INFORMATION_FORMAT = dwarf;
				ENABLE_STRICT_OBJC_MSGSEND = YES;
				ENABLE_TESTABILITY = YES;
				GCC_C_LANGUAGE_STANDARD = gnu11;
				GCC_DYNAMIC_NO_PIC = NO;
				GCC_NO_COMMON_BLOCKS = YES;
				GCC_OPTIMIZATION_LEVEL = 0;
				GCC_PREPROCESSOR_DEFINITIONS = (
					"$(inherited)",
					"DEBUG=1",
				);
				GCC_WARN_64_TO_32_BIT_CONVERSION = YES;
				GCC_WARN_ABOUT_RETURN_TYPE = YES_ERROR;
				GCC_WARN_UNDECLARED_SELECTOR = YES;
				GCC_WARN_UNINITIALIZED_AUTOS = YES_AGGRESSIVE;
				GCC_WARN_UNUSED_FUNCTION = YES;
				GCC_WARN_UNUSED_VARIABLE = YES;
				MTL_ENABLE_DEBUG_INFO = INCLUDE_SOURCE;
				MTL_FAST_MATH = YES;
				ONLY_ACTIVE_ARCH = YES;
				PRODUCT_NAME = "$(TARGET_NAME)";
				SDKROOT = iphoneos;
				SWIFT_ACTIVE_COMPILATION_CONDITIONS = DEBUG;
				SWIFT_OPTIMIZATION_LEVEL = "-Onone";
				SWIFT_VERSION = 5.0;
			};
			name = Debug;
		};
/* End XCBuildConfiguration section */

/* Begin XCConfigurationList section */
		34F172DC0048392454F1AD35 /* Build configuration list for PBXProject "Intrada" */ = {
			isa = XCConfigurationList;
			buildConfigurations = (
				601DA1F61C8CC2B771BDB7A5 /* Debug */,
				1B9BC2349284B8F2F4A62AE0 /* Release */,
			);
			defaultConfigurationIsVisible = 0;
			defaultConfigurationName = Debug;
		};
		C083CB817CC0F52FEFCA0643 /* Build configuration list for PBXNativeTarget "Intrada" */ = {
			isa = XCConfigurationList;
			buildConfigurations = (
				1BD0F34CD8E416B3FEE8ADD3 /* Debug */,
				4D15547AA3AF219627AE992A /* Release */,
			);
			defaultConfigurationIsVisible = 0;
			defaultConfigurationName = Debug;
		};
/* End XCConfigurationList section */

/* Begin XCLocalSwiftPackageReference section */
		37F1BCD307168686DD456EF8 /* XCLocalSwiftPackageReference "../shared_types/generated/swift/SharedTypes" */ = {
			isa = XCLocalSwiftPackageReference;
			relativePath = ../shared_types/generated/swift/SharedTypes;
		};
		4AEAE67A9ED6F0D48F6F61B2 /* XCLocalSwiftPackageReference "../shared/Shared" */ = {
			isa = XCLocalSwiftPackageReference;
			relativePath = ../shared/Shared;
		};
/* End XCLocalSwiftPackageReference section */

/* Begin XCSwiftPackageProductDependency section */
		917447E964A6FFF42F7753F9 /* SharedTypes */ = {
			isa = XCSwiftPackageProductDependency;
			productName = SharedTypes;
		};
		9AF3999A1F62BECE7AD4D98A /* Shared */ = {
			isa = XCSwiftPackageProductDependency;
			productName = Shared;
		};
/* End XCSwiftPackageProductDependency section */
	};
	rootObject = 69131CA77FD29D33C9EED9F1 /* Project object */;
}
